// !$*UTF8*$!
{
	archiveVersion = 1;
	classes = {
	};
	objectVersion = 56;
	objects = {

/* Begin PBXBuildFile section */
		BB3703732AF41D8200CF4639 /* AppDelegate.swift in Sources */ = {isa = PBXBuildFile; fileRef = BB3703722AF41D8200CF4639 /* AppDelegate.swift */; };
		BB3703752AF41D8200CF4639 /* SceneDelegate.swift in Sources */ = {isa = PBXBuildFile; fileRef = BB3703742AF41D8200CF4639 /* SceneDelegate.swift */; };
		BB3703772AF41D8200CF4639 /* ViewController.swift in Sources */ = {isa = PBXBuildFile; fileRef = BB3703762AF41D8200CF4639 /* ViewController.swift */; };
		BB37037A2AF41D8200CF4639 /* Main.storyboard in Resources */ = {isa = PBXBuildFile; fileRef = BB3703782AF41D8200CF4639 /* Main.storyboard */; };
		BB37037C2AF41D8300CF4639 /* Assets.xcassets in Resources */ = {isa = PBXBuildFile; fileRef = BB37037B2AF41D8300CF4639 /* Assets.xcassets */; };
		BB37037F2AF41D8300CF4639 /* LaunchScreen.storyboard in Resources */ = {isa = PBXBuildFile; fileRef = BB37037D2AF41D8300CF4639 /* LaunchScreen.storyboard */; };
		BB37038A2AF41D8400CF4639 /* DigimonAppTests.swift in Sources */ = {isa = PBXBuildFile; fileRef = BB3703892AF41D8400CF4639 /* DigimonAppTests.swift */; };
		BB3703942AF41D8400CF4639 /* DigimonAppUITests.swift in Sources */ = {isa = PBXBuildFile; fileRef = BB3703932AF41D8400CF4639 /* DigimonAppUITests.swift */; };
		BB3703962AF41D8400CF4639 /* DigimonAppUITestsLaunchTests.swift in Sources */ = {isa = PBXBuildFile; fileRef = BB3703952AF41D8400CF4639 /* DigimonAppUITestsLaunchTests.swift */; };
/* End PBXBuildFile section */

/* Begin PBXContainerItemProxy section */
		BB3703862AF41D8400CF4639 /* PBXContainerItemProxy */ = {
			isa = PBXContainerItemProxy;
			containerPortal = BB3703672AF41D8200CF4639 /* Project object */;
			proxyType = 1;
			remoteGlobalIDString = BB37036E2AF41D8200CF4639;
			remoteInfo = DigimonApp;
		};
		BB3703902AF41D8400CF4639 /* PBXContainerItemProxy */ = {
			isa = PBXContainerItemProxy;
			containerPortal = BB3703672AF41D8200CF4639 /* Project object */;
			proxyType = 1;
			remoteGlobalIDString = BB37036E2AF41D8200CF4639;
			remoteInfo = DigimonApp;
		};
/* End PBXContainerItemProxy section */

/* Begin PBXFileReference section */
		BB37036F2AF41D8200CF4639 /* DigimonApp.app */ = {isa = PBXFileReference; explicitFileType = wrapper.application; includeInIndex = 0; path = DigimonApp.app; sourceTree = BUILT_PRODUCTS_DIR; };
		BB3703722AF41D8200CF4639 /* AppDelegate.swift */ = {isa = PBXFileReference; lastKnownFileType = sourcecode.swift; path = AppDelegate.swift; sourceTree = "<group>"; };
		BB3703742AF41D8200CF4639 /* SceneDelegate.swift */ = {isa = PBXFileReference; lastKnownFileType = sourcecode.swift; path = SceneDelegate.swift; sourceTree = "<group>"; };
		BB3703762AF41D8200CF4639 /* ViewController.swift */ = {isa = PBXFileReference; lastKnownFileType = sourcecode.swift; path = ViewController.swift; sourceTree = "<group>"; };
		BB3703792AF41D8200CF4639 /* Base */ = {isa = PBXFileReference; lastKnownFileType = file.storyboard; name = Base; path = Base.lproj/Main.storyboard; sourceTree = "<group>"; };
		BB37037B2AF41D8300CF4639 /* Assets.xcassets */ = {isa = PBXFileReference; lastKnownFileType = folder.assetcatalog; path = Assets.xcassets; sourceTree = "<group>"; };
		BB37037E2AF41D8300CF4639 /* Base */ = {isa = PBXFileReference; lastKnownFileType = file.storyboard; name = Base; path = Base.lproj/LaunchScreen.storyboard; sourceTree = "<group>"; };
		BB3703802AF41D8300CF4639 /* Info.plist */ = {isa = PBXFileReference; lastKnownFileType = text.plist.xml; path = Info.plist; sourceTree = "<group>"; };
		BB3703852AF41D8400CF4639 /* DigimonAppTests.xctest */ = {isa = PBXFileReference; explicitFileType = wrapper.cfbundle; includeInIndex = 0; path = DigimonAppTests.xctest; sourceTree = BUILT_PRODUCTS_DIR; };
		BB3703892AF41D8400CF4639 /* DigimonAppTests.swift */ = {isa = PBXFileReference; lastKnownFileType = sourcecode.swift; path = DigimonAppTests.swift; sourceTree = "<group>"; };
		BB37038F2AF41D8400CF4639 /* DigimonAppUITests.xctest */ = {isa = PBXFileReference; explicitFileType = wrapper.cfbundle; includeInIndex = 0; path = DigimonAppUITests.xctest; sourceTree = BUILT_PRODUCTS_DIR; };
		BB3703932AF41D8400CF4639 /* DigimonAppUITests.swift */ = {isa = PBXFileReference; lastKnownFileType = sourcecode.swift; path = DigimonAppUITests.swift; sourceTree = "<group>"; };
		BB3703952AF41D8400CF4639 /* DigimonAppUITestsLaunchTests.swift */ = {isa = PBXFileReference; lastKnownFileType = sourcecode.swift; path = DigimonAppUITestsLaunchTests.swift; sourceTree = "<group>"; };
/* End PBXFileReference section */

/* Begin PBXFrameworksBuildPhase section */
		BB37036C2AF41D8200CF4639 /* Frameworks */ = {
			isa = PBXFrameworksBuildPhase;
			buildActionMask = 2147483647;
			files = (
			);
			runOnlyForDeploymentPostprocessing = 0;
		};
		BB3703822AF41D8400CF4639 /* Frameworks */ = {
			isa = PBXFrameworksBuildPhase;
			buildActionMask = 2147483647;
			files = (
			);
			runOnlyForDeploymentPostprocessing = 0;
		};
		BB37038C2AF41D8400CF4639 /* Frameworks */ = {
			isa = PBXFrameworksBuildPhase;
			buildActionMask = 2147483647;
			files = (
			);
			runOnlyForDeploymentPostprocessing = 0;
		};
/* End PBXFrameworksBuildPhase section */

/* Begin PBXGroup section */
		BB3703662AF41D8200CF4639 = {
			isa = PBXGroup;
			children = (
				BB3703712AF41D8200CF4639 /* DigimonApp */,
				BB3703882AF41D8400CF4639 /* DigimonAppTests */,
				BB3703922AF41D8400CF4639 /* DigimonAppUITests */,
				BB3703702AF41D8200CF4639 /* Products */,
			);
			sourceTree = "<group>";
		};
		BB3703702AF41D8200CF4639 /* Products */ = {
			isa = PBXGroup;
			children = (
				BB37036F2AF41D8200CF4639 /* DigimonApp.app */,
				BB3703852AF41D8400CF4639 /* DigimonAppTests.xctest */,
				BB37038F2AF41D8400CF4639 /* DigimonAppUITests.xctest */,
			);
			name = Products;
			sourceTree = "<group>";
		};
		BB3703712AF41D8200CF4639 /* DigimonApp */ = {
			isa = PBXGroup;
			children = (
				BB3703722AF41D8200CF4639 /* AppDelegate.swift */,
				BB3703742AF41D8200CF4639 /* SceneDelegate.swift */,
				BB3703762AF41D8200CF4639 /* ViewController.swift */,
				BB3703782AF41D8200CF4639 /* Main.storyboard */,
				BB37037B2AF41D8300CF4639 /* Assets.xcassets */,
				BB37037D2AF41D8300CF4639 /* LaunchScreen.storyboard */,
				BB3703802AF41D8300CF4639 /* Info.plist */,
			);
			path = DigimonApp;
			sourceTree = "<group>";
		};
		BB3703882AF41D8400CF4639 /* DigimonAppTests */ = {
			isa = PBXGroup;
			children = (
				BB3703892AF41D8400CF4639 /* DigimonAppTests.swift */,
			);
			path = DigimonAppTests;
			sourceTree = "<group>";
		};
		BB3703922AF41D8400CF4639 /* DigimonAppUITests */ = {
			isa = PBXGroup;
			children = (
				BB3703932AF41D8400CF4639 /* DigimonAppUITests.swift */,
				BB3703952AF41D8400CF4639 /* DigimonAppUITestsLaunchTests.swift */,
			);
			path = DigimonAppUITests;
			sourceTree = "<group>";
		};
/* End PBXGroup section */

/* Begin PBXNativeTarget section */
		BB37036E2AF41D8200CF4639 /* DigimonApp */ = {
			isa = PBXNativeTarget;
			buildConfigurationList = BB3703992AF41D8400CF4639 /* Build configuration list for PBXNativeTarget "DigimonApp" */;
			buildPhases = (
				BB37036B2AF41D8200CF4639 /* Sources */,
				BB37036C2AF41D8200CF4639 /* Frameworks */,
				BB37036D2AF41D8200CF4639 /* Resources */,
			);
			buildRules = (
			);
			dependencies = (
			);
			name = DigimonApp;
			productName = DigimonApp;
			productReference = BB37036F2AF41D8200CF4639 /* DigimonApp.app */;
			productType = "com.apple.product-type.application";
		};
		BB3703842AF41D8400CF4639 /* DigimonAppTests */ = {
			isa = PBXNativeTarget;
			buildConfigurationList = BB37039C2AF41D8400CF4639 /* Build configuration list for PBXNativeTarget "DigimonAppTests" */;
			buildPhases = (
				BB3703812AF41D8400CF4639 /* Sources */,
				BB3703822AF41D8400CF4639 /* Frameworks */,
				BB3703832AF41D8400CF4639 /* Resources */,
			);
			buildRules = (
			);
			dependencies = (
				BB3703872AF41D8400CF4639 /* PBXTargetDependency */,
			);
			name = DigimonAppTests;
			productName = DigimonAppTests;
			productReference = BB3703852AF41D8400CF4639 /* DigimonAppTests.xctest */;
			productType = "com.apple.product-type.bundle.unit-test";
		};
		BB37038E2AF41D8400CF4639 /* DigimonAppUITests */ = {
			isa = PBXNativeTarget;
			buildConfigurationList = BB37039F2AF41D8400CF4639 /* Build configuration list for PBXNativeTarget "DigimonAppUITests" */;
			buildPhases = (
				BB37038B2AF41D8400CF4639 /* Sources */,
				BB37038C2AF41D8400CF4639 /* Frameworks */,
				BB37038D2AF41D8400CF4639 /* Resources */,
			);
			buildRules = (
			);
			dependencies = (
				BB3703912AF41D8400CF4639 /* PBXTargetDependency */,
			);
			name = DigimonAppUITests;
			productName = DigimonAppUITests;
			productReference = BB37038F2AF41D8400CF4639 /* DigimonAppUITests.xctest */;
			productType = "com.apple.product-type.bundle.ui-testing";
		};
/* End PBXNativeTarget section */

/* Begin PBXProject section */
		BB3703672AF41D8200CF4639 /* Project object */ = {
			isa = PBXProject;
			attributes = {
				BuildIndependentTargetsInParallel = 1;
				LastSwiftUpdateCheck = 1500;
				LastUpgradeCheck = 1500;
				TargetAttributes = {
					BB37036E2AF41D8200CF4639 = {
						CreatedOnToolsVersion = 15.0.1;
					};
					BB3703842AF41D8400CF4639 = {
						CreatedOnToolsVersion = 15.0.1;
						TestTargetID = BB37036E2AF41D8200CF4639;
					};
					BB37038E2AF41D8400CF4639 = {
						CreatedOnToolsVersion = 15.0.1;
						TestTargetID = BB37036E2AF41D8200CF4639;
					};
				};
			};
			buildConfigurationList = BB37036A2AF41D8200CF4639 /* Build configuration list for PBXProject "DigimonApp" */;
			compatibilityVersion = "Xcode 14.0";
			developmentRegion = en;
			hasScannedForEncodings = 0;
			knownRegions = (
				en,
				Base,
			);
			mainGroup = BB3703662AF41D8200CF4639;
			productRefGroup = BB3703702AF41D8200CF4639 /* Products */;
			projectDirPath = "";
			projectRoot = "";
			targets = (
				BB37036E2AF41D8200CF4639 /* DigimonApp */,
				BB3703842AF41D8400CF4639 /* DigimonAppTests */,
				BB37038E2AF41D8400CF4639 /* DigimonAppUITests */,
			);
		};
/* End PBXProject section */

/* Begin PBXResourcesBuildPhase section */
		BB37036D2AF41D8200CF4639 /* Resources */ = {
			isa = PBXResourcesBuildPhase;
			buildActionMask = 2147483647;
			files = (
				BB37037F2AF41D8300CF4639 /* LaunchScreen.storyboard in Resources */,
				BB37037C2AF41D8300CF4639 /* Assets.xcassets in Resources */,
				BB37037A2AF41D8200CF4639 /* Main.storyboard in Resources */,
			);
			runOnlyForDeploymentPostprocessing = 0;
		};
		BB3703832AF41D8400CF4639 /* Resources */ = {
			isa = PBXResourcesBuildPhase;
			buildActionMask = 2147483647;
			files = (
			);
			runOnlyForDeploymentPostprocessing = 0;
		};
		BB37038D2AF41D8400CF4639 /* Resources */ = {
			isa = PBXResourcesBuildPhase;
			buildActionMask = 2147483647;
			files = (
			);
			runOnlyForDeploymentPostprocessing = 0;
		};
/* End PBXResourcesBuildPhase section */

/* Begin PBXSourcesBuildPhase section */
		BB37036B2AF41D8200CF4639 /* Sources */ = {
			isa = PBXSourcesBuildPhase;
			buildActionMask = 2147483647;
			files = (
				BB3703772AF41D8200CF4639 /* ViewController.swift in Sources */,
				BB3703732AF41D8200CF4639 /* AppDelegate.swift in Sources */,
				BB3703752AF41D8200CF4639 /* SceneDelegate.swift in Sources */,
			);
			runOnlyForDeploymentPostprocessing = 0;
		};
		BB3703812AF41D8400CF4639 /* Sources */ = {
			isa = PBXSourcesBuildPhase;
			buildActionMask = 2147483647;
			files = (
				BB37038A2AF41D8400CF4639 /* DigimonAppTests.swift in Sources */,
			);
			runOnlyForDeploymentPostprocessing = 0;
		};
		BB37038B2AF41D8400CF4639 /* Sources */ = {
			isa = PBXSourcesBuildPhase;
			buildActionMask = 2147483647;
			files = (
				BB3703962AF41D8400CF4639 /* DigimonAppUITestsLaunchTests.swift in Sources */,
				BB3703942AF41D8400CF4639 /* DigimonAppUITests.swift in Sources */,
			);
			runOnlyForDeploymentPostprocessing = 0;
		};
/* End PBXSourcesBuildPhase section */

/* Begin PBXTargetDependency section */
		BB3703872AF41D8400CF4639 /* PBXTargetDependency */ = {
			isa = PBXTargetDependency;
			target = BB37036E2AF41D8200CF4639 /* DigimonApp */;
			targetProxy = BB3703862AF41D8400CF4639 /* PBXContainerItemProxy */;
		};
		BB3703912AF41D8400CF4639 /* PBXTargetDependency */ = {
			isa = PBXTargetDependency;
			target = BB37036E2AF41D8200CF4639 /* DigimonApp */;
			targetProxy = BB3703902AF41D8400CF4639 /* PBXContainerItemProxy */;
		};
/* End PBXTargetDependency section */

/* Begin PBXVariantGroup section */
		BB3703782AF41D8200CF4639 /* Main.storyboard */ = {
			isa = PBXVariantGroup;
			children = (
				BB3703792AF41D8200CF4639 /* Base */,
			);
			name = Main.storyboard;
			sourceTree = "<group>";
		};
		BB37037D2AF41D8300CF4639 /* LaunchScreen.storyboard */ = {
			isa = PBXVariantGroup;
			children = (
				BB37037E2AF41D8300CF4639 /* Base */,
			);
			name = LaunchScreen.storyboard;
			sourceTree = "<group>";
		};
/* End PBXVariantGroup section */

/* Begin XCBuildConfiguration section */
		BB3703972AF41D8400CF4639 /* Debug */ = {
			isa = XCBuildConfiguration;
			buildSettings = {
				ALWAYS_SEARCH_USER_PATHS = NO;
				ASSETCATALOG_COMPILER_GENERATE_SWIFT_ASSET_SYMBOL_EXTENSIONS = YES;
				CLANG_ANALYZER_NONNULL = YES;
				CLANG_ANALYZER_NUMBER_OBJECT_CONVERSION = YES_AGGRESSIVE;
				CLANG_CXX_LANGUAGE_STANDARD = "gnu++20";
				CLANG_ENABLE_MODULES = YES;
				CLANG_ENABLE_OBJC_ARC = YES;
				CLANG_ENABLE_OBJC_WEAK = YES;
				CLANG_WARN_BLOCK_CAPTURE_AUTORELEASING = YES;
				CLANG_WARN_BOOL_CONVERSION = YES;
				CLANG_WARN_COMMA = YES;
				CLANG_WARN_CONSTANT_CONVERSION = YES;
				CLANG_WARN_DEPRECATED_OBJC_IMPLEMENTATIONS = YES;
				CLANG_WARN_DIRECT_OBJC_ISA_USAGE = YES_ERROR;
				CLANG_WARN_DOCUMENTATION_COMMENTS = YES;
				CLANG_WARN_EMPTY_BODY = YES;
				CLANG_WARN_ENUM_CONVERSION = YES;
				CLANG_WARN_INFINITE_RECURSION = YES;
				CLANG_WARN_INT_CONVERSION = YES;
				CLANG_WARN_NON_LITERAL_NULL_CONVERSION = YES;
				CLANG_WARN_OBJC_IMPLICIT_RETAIN_SELF = YES;
				CLANG_WARN_OBJC_LITERAL_CONVERSION = YES;
				CLANG_WARN_OBJC_ROOT_CLASS = YES_ERROR;
				CLANG_WARN_QUOTED_INCLUDE_IN_FRAMEWORK_HEADER = YES;
				CLANG_WARN_RANGE_LOOP_ANALYSIS = YES;
				CLANG_WARN_STRICT_PROTOTYPES = YES;
				CLANG_WARN_SUSPICIOUS_MOVE = YES;
				CLANG_WARN_UNGUARDED_AVAILABILITY = YES_AGGRESSIVE;
				CLANG_WARN_UNREACHABLE_CODE = YES;
				CLANG_WARN__DUPLICATE_METHOD_MATCH = YES;
				COPY_PHASE_STRIP = NO;
				DEBUG_INFORMATION_FORMAT = dwarf;
				ENABLE_STRICT_OBJC_MSGSEND = YES;
				ENABLE_TESTABILITY = YES;
				ENABLE_USER_SCRIPT_SANDBOXING = YES;
				GCC_C_LANGUAGE_STANDARD = gnu17;
				GCC_DYNAMIC_NO_PIC = NO;
				GCC_NO_COMMON_BLOCKS = YES;
				GCC_OPTIMIZATION_LEVEL = 0;
				GCC_PREPROCESSOR_DEFINITIONS = (
					"DEBUG=1",
					"$(inherited)",
				);
				GCC_WARN_64_TO_32_BIT_CONVERSION = YES;
				GCC_WARN_ABOUT_RETURN_TYPE = YES_ERROR;
				GCC_WARN_UNDECLARED_SELECTOR = YES;
				GCC_WARN_UNINITIALIZED_AUTOS = YES_AGGRESSIVE;
				GCC_WARN_UNUSED_FUNCTION = YES;
				GCC_WARN_UNUSED_VARIABLE = YES;
				IPHONEOS_DEPLOYMENT_TARGET = 17.0;
				LOCALIZATION_PREFERS_STRING_CATALOGS = YES;
				MTL_ENABLE_DEBUG_INFO = INCLUDE_SOURCE;
				MTL_FAST_MATH = YES;
				ONLY_ACTIVE_ARCH = YES;
				SDKROOT = iphoneos;
				SWIFT_ACTIVE_COMPILATION_CONDITIONS = "DEBUG $(inherited)";
				SWIFT_OPTIMIZATION_LEVEL = "-Onone";
			};
			name = Debug;
		};
		BB3703982AF41D8400CF4639 /* Release */ = {
			isa = XCBuildConfiguration;
			buildSettings = {
				ALWAYS_SEARCH_USER_PATHS = NO;
				ASSETCATALOG_COMPILER_GENERATE_SWIFT_ASSET_SYMBOL_EXTENSIONS = YES;
				CLANG_ANALYZER_NONNULL = YES;
				CLANG_ANALYZER_NUMBER_OBJECT_CONVERSION = YES_AGGRESSIVE;
				CLANG_CXX_LANGUAGE_STANDARD = "gnu++20";
				CLANG_ENABLE_MODULES = YES;
				CLANG_ENABLE_OBJC_ARC = YES;
				CLANG_ENABLE_OBJC_WEAK = YES;
				CLANG_WARN_BLOCK_CAPTURE_AUTORELEASING = YES;
				CLANG_WARN_BOOL_CONVERSION = YES;
				CLANG_WARN_COMMA = YES;
				CLANG_WARN_CONSTANT_CONVERSION = YES;
				CLANG_WARN_DEPRECATED_OBJC_IMPLEMENTATIONS = YES;
				CLANG_WARN_DIRECT_OBJC_ISA_USAGE = YES_ERROR;
				CLANG_WARN_DOCUMENTATION_COMMENTS = YES;
				CLANG_WARN_EMPTY_BODY = YES;
				CLANG_WARN_ENUM_CONVERSION = YES;
				CLANG_WARN_INFINITE_RECURSION = YES;
				CLANG_WARN_INT_CONVERSION = YES;
				CLANG_WARN_NON_LITERAL_NULL_CONVERSION = YES;
				CLANG_WARN_OBJC_IMPLICIT_RETAIN_SELF = YES;
				CLANG_WARN_OBJC_LITERAL_CONVERSION = YES;
				CLANG_WARN_OBJC_ROOT_CLASS = YES_ERROR;
				CLANG_WARN_QUOTED_INCLUDE_IN_FRAMEWORK_HEADER = YES;
				CLANG_WARN_RANGE_LOOP_ANALYSIS = YES;
				CLANG_WARN_STRICT_PROTOTYPES = YES;
				CLANG_WARN_SUSPICIOUS_MOVE = YES;
				CLANG_WARN_UNGUARDED_AVAILABILITY = YES_AGGRESSIVE;
				CLANG_WARN_UNREACHABLE_CODE = YES;
				CLANG_WARN__DUPLICATE_METHOD_MATCH = YES;
				COPY_PHASE_STRIP = NO;
				DEBUG_INFORMATION_FORMAT = "dwarf-with-dsym";
				ENABLE_NS_ASSERTIONS = NO;
				ENABLE_STRICT_OBJC_MSGSEND = YES;
				ENABLE_USER_SCRIPT_SANDBOXING = YES;
				GCC_C_LANGUAGE_STANDARD = gnu17;
				GCC_NO_COMMON_BLOCKS = YES;
				GCC_WARN_64_TO_32_BIT_CONVERSION = YES;
				GCC_WARN_ABOUT_RETURN_TYPE = YES_ERROR;
				GCC_WARN_UNDECLARED_SELECTOR = YES;
				GCC_WARN_UNINITIALIZED_AUTOS = YES_AGGRESSIVE;
				GCC_WARN_UNUSED_FUNCTION = YES;
				GCC_WARN_UNUSED_VARIABLE = YES;
				IPHONEOS_DEPLOYMENT_TARGET = 17.0;
				LOCALIZATION_PREFERS_STRING_CATALOGS = YES;
				MTL_ENABLE_DEBUG_INFO = NO;
				MTL_FAST_MATH = YES;
				SDKROOT = iphoneos;
				SWIFT_COMPILATION_MODE = wholemodule;
				VALIDATE_PRODUCT = YES;
			};
			name = Release;
		};
		BB37039A2AF41D8400CF4639 /* Debug */ = {
			isa = XCBuildConfiguration;
			buildSettings = {
				ASSETCATALOG_COMPILER_APPICON_NAME = AppIcon;
				ASSETCATALOG_COMPILER_GLOBAL_ACCENT_COLOR_NAME = AccentColor;
				CODE_SIGN_STYLE = Automatic;
				CURRENT_PROJECT_VERSION = 1;
				DEVELOPMENT_TEAM = FVEGF5DQ7U;
				GENERATE_INFOPLIST_FILE = YES;
				INFOPLIST_FILE = DigimonApp/Info.plist;
				INFOPLIST_KEY_UIApplicationSupportsIndirectInputEvents = YES;
				INFOPLIST_KEY_UILaunchStoryboardName = LaunchScreen;
				INFOPLIST_KEY_UIMainStoryboardFile = Main;
				INFOPLIST_KEY_UISupportedInterfaceOrientations_iPad = "UIInterfaceOrientationPortrait UIInterfaceOrientationPortraitUpsideDown UIInterfaceOrientationLandscapeLeft UIInterfaceOrientationLandscapeRight";
				INFOPLIST_KEY_UISupportedInterfaceOrientations_iPhone = "UIInterfaceOrientationPortrait UIInterfaceOrientationLandscapeLeft UIInterfaceOrientationLandscapeRight";
				LD_RUNPATH_SEARCH_PATHS = (
					"$(inherited)",
					"@executable_path/Frameworks",
				);
				MARKETING_VERSION = 1.0;
				PRODUCT_BUNDLE_IDENTIFIER = sugurutokuda.DigimonApp;
				PRODUCT_NAME = "$(TARGET_NAME)";
				SWIFT_EMIT_LOC_STRINGS = YES;
				SWIFT_VERSION = 5.0;
				TARGETED_DEVICE_FAMILY = "1,2";
			};
			name = Debug;
		};
		BB37039B2AF41D8400CF4639 /* Release */ = {
			isa = XCBuildConfiguration;
			buildSettings = {
				ASSETCATALOG_COMPILER_APPICON_NAME = AppIcon;
				ASSETCATALOG_COMPILER_GLOBAL_ACCENT_COLOR_NAME = AccentColor;
				CODE_SIGN_STYLE = Automatic;
				CURRENT_PROJECT_VERSION = 1;
				DEVELOPMENT_TEAM = FVEGF5DQ7U;
				GENERATE_INFOPLIST_FILE = YES;
				INFOPLIST_FILE = DigimonApp/Info.plist;
				INFOPLIST_KEY_UIApplicationSupportsIndirectInputEvents = YES;
				INFOPLIST_KEY_UILaunchStoryboardName = LaunchScreen;
				INFOPLIST_KEY_UIMainStoryboardFile = Main;
				INFOPLIST_KEY_UISupportedInterfaceOrientations_iPad = "UIInterfaceOrientationPortrait UIInterfaceOrientationPortraitUpsideDown UIInterfaceOrientationLandscapeLeft UIInterfaceOrientationLandscapeRight";
				INFOPLIST_KEY_UISupportedInterfaceOrientations_iPhone = "UIInterfaceOrientationPortrait UIInterfaceOrientationLandscapeLeft UIInterfaceOrientationLandscapeRight";
				LD_RUNPATH_SEARCH_PATHS = (
					"$(inherited)",
					"@executable_path/Frameworks",
				);
				MARKETING_VERSION = 1.0;
				PRODUCT_BUNDLE_IDENTIFIER = sugurutokuda.DigimonApp;
				PRODUCT_NAME = "$(TARGET_NAME)";
				SWIFT_EMIT_LOC_STRINGS = YES;
				SWIFT_VERSION = 5.0;
				TARGETED_DEVICE_FAMILY = "1,2";
			};
			name = Release;
		};
		BB37039D2AF41D8400CF4639 /* Debug */ = {
			isa = XCBuildConfiguration;
			buildSettings = {
				ALWAYS_EMBED_SWIFT_STANDARD_LIBRARIES = YES;
				BUNDLE_LOADER = "$(TEST_HOST)";
				CODE_SIGN_STYLE = Automatic;
				CURRENT_PROJECT_VERSION = 1;
				DEVELOPMENT_TEAM = FVEGF5DQ7U;
				GENERATE_INFOPLIST_FILE = YES;
				IPHONEOS_DEPLOYMENT_TARGET = 17.0;
				MARKETING_VERSION = 1.0;
				PRODUCT_BUNDLE_IDENTIFIER = sugurutokuda.DigimonAppTests;
				PRODUCT_NAME = "$(TARGET_NAME)";
				SWIFT_EMIT_LOC_STRINGS = NO;
				SWIFT_VERSION = 5.0;
				TARGETED_DEVICE_FAMILY = "1,2";
				TEST_HOST = "$(BUILT_PRODUCTS_DIR)/DigimonApp.app/$(BUNDLE_EXECUTABLE_FOLDER_PATH)/DigimonApp";
			};
			name = Debug;
		};
		BB37039E2AF41D8400CF4639 /* Release */ = {
			isa = XCBuildConfiguration;
			buildSettings = {
				ALWAYS_EMBED_SWIFT_STANDARD_LIBRARIES = YES;
				BUNDLE_LOADER = "$(TEST_HOST)";
				CODE_SIGN_STYLE = Automatic;
				CURRENT_PROJECT_VERSION = 1;
				DEVELOPMENT_TEAM = FVEGF5DQ7U;
				GENERATE_INFOPLIST_FILE = YES;
				IPHONEOS_DEPLOYMENT_TARGET = 17.0;
				MARKETING_VERSION = 1.0;
				PRODUCT_BUNDLE_IDENTIFIER = sugurutokuda.DigimonAppTests;
				PRODUCT_NAME = "$(TARGET_NAME)";
				SWIFT_EMIT_LOC_STRINGS = NO;
				SWIFT_VERSION = 5.0;
				TARGETED_DEVICE_FAMILY = "1,2";
				TEST_HOST = "$(BUILT_PRODUCTS_DIR)/DigimonApp.app/$(BUNDLE_EXECUTABLE_FOLDER_PATH)/DigimonApp";
			};
			name = Release;
		};
		BB3703A02AF41D8400CF4639 /* Debug */ = {
			isa = XCBuildConfiguration;
			buildSettings = {
				ALWAYS_EMBED_SWIFT_STANDARD_LIBRARIES = YES;
				CODE_SIGN_STYLE = Automatic;
				CURRENT_PROJECT_VERSION = 1;
				DEVELOPMENT_TEAM = FVEGF5DQ7U;
				GENERATE_INFOPLIST_FILE = YES;
				MARKETING_VERSION = 1.0;
				PRODUCT_BUNDLE_IDENTIFIER = sugurutokuda.DigimonAppUITests;
				PRODUCT_NAME = "$(TARGET_NAME)";
				SWIFT_EMIT_LOC_STRINGS = NO;
				SWIFT_VERSION = 5.0;
				TARGETED_DEVICE_FAMILY = "1,2";
				TEST_TARGET_NAME = DigimonApp;
			};
			name = Debug;
		};
		BB3703A12AF41D8400CF4639 /* Release */ = {
			isa = XCBuildConfiguration;
			buildSettings = {
				ALWAYS_EMBED_SWIFT_STANDARD_LIBRARIES = YES;
				CODE_SIGN_STYLE = Automatic;
				CURRENT_PROJECT_VERSION = 1;
				DEVELOPMENT_TEAM = FVEGF5DQ7U;
				GENERATE_INFOPLIST_FILE = YES;
				MARKETING_VERSION = 1.0;
				PRODUCT_BUNDLE_IDENTIFIER = sugurutokuda.DigimonAppUITests;
				PRODUCT_NAME = "$(TARGET_NAME)";
				SWIFT_EMIT_LOC_STRINGS = NO;
				SWIFT_VERSION = 5.0;
				TARGETED_DEVICE_FAMILY = "1,2";
				TEST_TARGET_NAME = DigimonApp;
			};
			name = Release;
		};
/* End XCBuildConfiguration section */

/* Begin XCConfigurationList section */
		BB37036A2AF41D8200CF4639 /* Build configuration list for PBXProject "DigimonApp" */ = {
			isa = XCConfigurationList;
			buildConfigurations = (
				BB3703972AF41D8400CF4639 /* Debug */,
				BB3703982AF41D8400CF4639 /* Release */,
			);
			defaultConfigurationIsVisible = 0;
			defaultConfigurationName = Release;
		};
		BB3703992AF41D8400CF4639 /* Build configuration list for PBXNativeTarget "DigimonApp" */ = {
			isa = XCConfigurationList;
			buildConfigurations = (
				BB37039A2AF41D8400CF4639 /* Debug */,
				BB37039B2AF41D8400CF4639 /* Release */,
			);
			defaultConfigurationIsVisible = 0;
			defaultConfigurationName = Release;
		};
		BB37039C2AF41D8400CF4639 /* Build configuration list for PBXNativeTarget "DigimonAppTests" */ = {
			isa = XCConfigurationList;
			buildConfigurations = (
				BB37039D2AF41D8400CF4639 /* Debug */,
				BB37039E2AF41D8400CF4639 /* Release */,
			);
			defaultConfigurationIsVisible = 0;
			defaultConfigurationName = Release;
		};
		BB37039F2AF41D8400CF4639 /* Build configuration list for PBXNativeTarget "DigimonAppUITests" */ = {
			isa = XCConfigurationList;
			buildConfigurations = (
				BB3703A02AF41D8400CF4639 /* Debug */,
				BB3703A12AF41D8400CF4639 /* Release */,
			);
			defaultConfigurationIsVisible = 0;
			defaultConfigurationName = Release;
		};
/* End XCConfigurationList section */
	};
	rootObject = BB3703672AF41D8200CF4639 /* Project object */;
}
